
Microsoft Visual Studio Solution File, Format Version 12.00
Project("{FAE04EC0-301F-11D3-BF4B-00C04F79EFBC}") = "TicTacToe", "TicTacToe\TicTacToe.csproj", "{3AC5702A-53C6-4182-8E72-424B46DE8677}"
EndProject
Global
	GlobalSection(SolutionConfigurationPlatforms) = preSolution
		Debug|Any CPU = Debug|Any CPU
		Release|Any CPU = Release|Any CPU
	EndGlobalSection
	GlobalSection(ProjectConfigurationPlatforms) = postSolution
		{3AC5702A-53C6-4182-8E72-424B46DE8677}.Debug|Any CPU.ActiveCfg = Debug|Any CPU
		{3AC5702A-53C6-4182-8E72-424B46DE8677}.Debug|Any CPU.Build.0 = Debug|Any CPU
		{3AC5702A-53C6-4182-8E72-424B46DE8677}.Release|Any CPU.ActiveCfg = Release|Any CPU
		{3AC5702A-53C6-4182-8E72-424B46DE8677}.Release|Any CPU.Build.0 = Release|Any CPU
	EndGlobalSection
EndGlobal
